
Microsoft Visual Studio Solution File, Format Version 12.00
# Visual Studio Version 16
VisualStudioVersion = 16.0.31729.503
MinimumVisualStudioVersion = 10.0.40219.1
Project("{FAE04EC0-301F-11D3-BF4B-00C04F79EFBC}") = "CompanyEmployee.API", "CompanyEmployee.API\CompanyEmployee.API.csproj", "{B2312A36-C645-4E67-9DE9-19FB4C68370E}"
EndProject
Project("{FAE04EC0-301F-11D3-BF4B-00C04F79EFBC}") = "CompanyEmployee.LoggerService", "CompanyEmployee.LoggerService\CompanyEmployee.LoggerService.csproj", "{B393CCDE-4A0B-427C-A795-D5D32FF096D6}"
EndProject
Project("{FAE04EC0-301F-11D3-BF4B-00C04F79EFBC}") = "CompanyEmployee.Entities", "CompanyEmployee.Entities\CompanyEmployee.Entities.csproj", "{150CD0DC-26DA-43D7-8C18-E26120EAC472}"
EndProject
Project("{FAE04EC0-301F-11D3-BF4B-00C04F79EFBC}") = "CompanyEmployee.Repository", "CompanyEmployee.Repository\CompanyEmployee.Repository.csproj", "{AA39442A-0188-48AF-9C02-704DC1D5B1D9}"
EndProject
Project("{FAE04EC0-301F-11D3-BF4B-00C04F79EFBC}") = "CompanyEmployee.Service", "CompanyEmployee.Service\CompanyEmployee.Service.csproj", "{B81C0FBD-0971-4AC3-B6B4-2EE0024D4BCB}"
EndProject
Global
	GlobalSection(SolutionConfigurationPlatforms) = preSolution
		Debug|Any CPU = Debug|Any CPU
		Release|Any CPU = Release|Any CPU
	EndGlobalSection
	GlobalSection(ProjectConfigurationPlatforms) = postSolution
		{B2312A36-C645-4E67-9DE9-19FB4C68370E}.Debug|Any CPU.ActiveCfg = Debug|Any CPU
		{B2312A36-C645-4E67-9DE9-19FB4C68370E}.Debug|Any CPU.Build.0 = Debug|Any CPU
		{B2312A36-C645-4E67-9DE9-19FB4C68370E}.Release|Any CPU.ActiveCfg = Release|Any CPU
		{B2312A36-C645-4E67-9DE9-19FB4C68370E}.Release|Any CPU.Build.0 = Release|Any CPU
		{B393CCDE-4A0B-427C-A795-D5D32FF096D6}.Debug|Any CPU.ActiveCfg = Debug|Any CPU
		{B393CCDE-4A0B-427C-A795-D5D32FF096D6}.Debug|Any CPU.Build.0 = Debug|Any CPU
		{B393CCDE-4A0B-427C-A795-D5D32FF096D6}.Release|Any CPU.ActiveCfg = Release|Any CPU
		{B393CCDE-4A0B-427C-A795-D5D32FF096D6}.Release|Any CPU.Build.0 = Release|Any CPU
		{150CD0DC-26DA-43D7-8C18-E26120EAC472}.Debug|Any CPU.ActiveCfg = Debug|Any CPU
		{150CD0DC-26DA-43D7-8C18-E26120EAC472}.Debug|Any CPU.Build.0 = Debug|Any CPU
		{150CD0DC-26DA-43D7-8C18-E26120EAC472}.Release|Any CPU.ActiveCfg = Release|Any CPU
		{150CD0DC-26DA-43D7-8C18-E26120EAC472}.Release|Any CPU.Build.0 = Release|Any CPU
		{AA39442A-0188-48AF-9C02-704DC1D5B1D9}.Debug|Any CPU.ActiveCfg = Debug|Any CPU
		{AA39442A-0188-48AF-9C02-704DC1D5B1D9}.Debug|Any CPU.Build.0 = Debug|Any CPU
		{AA39442A-0188-48AF-9C02-704DC1D5B1D9}.Release|Any CPU.ActiveCfg = Release|Any CPU
		{AA39442A-0188-48AF-9C02-704DC1D5B1D9}.Release|Any CPU.Build.0 = Release|Any CPU
		{B81C0FBD-0971-4AC3-B6B4-2EE0024D4BCB}.Debug|Any CPU.ActiveCfg = Debug|Any CPU
		{B81C0FBD-0971-4AC3-B6B4-2EE0024D4BCB}.Debug|Any CPU.Build.0 = Debug|Any CPU
		{B81C0FBD-0971-4AC3-B6B4-2EE0024D4BCB}.Release|Any CPU.ActiveCfg = Release|Any CPU
		{B81C0FBD-0971-4AC3-B6B4-2EE0024D4BCB}.Release|Any CPU.Build.0 = Release|Any CPU
	EndGlobalSection
	GlobalSection(SolutionProperties) = preSolution
		HideSolutionNode = FALSE
	EndGlobalSection
	GlobalSection(ExtensibilityGlobals) = postSolution
		SolutionGuid = {E47925DF-4460-4790-9D8B-F7DD9ABBA6CE}
	EndGlobalSection
EndGlobal
